// !$*UTF8*$!
{
	archiveVersion = 1;
	classes = {
	};
	objectVersion = 56;
	objects = {

/* Begin PBXBuildFile section */
		4663640D2CD7D13A007A70C5 /* Untitled 2.swift in Sources */ = {isa = PBXBuildFile; fileRef = 4663640C2CD7D139007A70C5 /* Untitled 2.swift */; };
		DF0DA25B2CD36605002DB9D6 /* DocumentPicker.swift in Sources */ = {isa = PBXBuildFile; fileRef = DF0DA25A2CD36605002DB9D6 /* DocumentPicker.swift */; };
		DF0DA25F2CD369A0002DB9D6 /* MusicModel.swift in Sources */ = {isa = PBXBuildFile; fileRef = DF0DA25E2CD369A0002DB9D6 /* MusicModel.swift */; };
		DF265D4A2CCA1ABF00333964 /* MusicApp.swift in Sources */ = {isa = PBXBuildFile; fileRef = DF265D492CCA1ABF00333964 /* MusicApp.swift */; };
		DF265D4C2CCA1ABF00333964 /* WelcomPage.swift in Sources */ = {isa = PBXBuildFile; fileRef = DF265D4B2CCA1ABF00333964 /* WelcomPage.swift */; };
		DF265D4E2CCA1AC000333964 /* Assets.xcassets in Resources */ = {isa = PBXBuildFile; fileRef = DF265D4D2CCA1AC000333964 /* Assets.xcassets */; };
		DF265D512CCA1AC000333964 /* Preview Assets.xcassets in Resources */ = {isa = PBXBuildFile; fileRef = DF265D502CCA1AC000333964 /* Preview Assets.xcassets */; };
		DF84239E2CD9D5C800D5C555 /* Music.swift in Sources */ = {isa = PBXBuildFile; fileRef = DF84239D2CD9D5C800D5C555 /* Music.swift */; };
		DF8423A02CD9DAB500D5C555 /* maininfo.plist in Resources */ = {isa = PBXBuildFile; fileRef = DF84239F2CD9DAB500D5C555 /* maininfo.plist */; };
		DF8423A42CDA034400D5C555 /* AudioPlayerViewModel.swift in Sources */ = {isa = PBXBuildFile; fileRef = DF8423A32CDA034400D5C555 /* AudioPlayerViewModel.swift */; };
		DF8423A82CDB384C00D5C555 /* MusicDTO.swift in Sources */ = {isa = PBXBuildFile; fileRef = DF8423A72CDB384C00D5C555 /* MusicDTO.swift */; };
		DFC5AAF42CCA1E8D00052326 /* MusicSelectView.swift in Sources */ = {isa = PBXBuildFile; fileRef = DFC5AAF32CCA1E8D00052326 /* MusicSelectView.swift */; };
		DFC5AAF62CCA1E9F00052326 /* MusicPlayView.swift in Sources */ = {isa = PBXBuildFile; fileRef = DFC5AAF52CCA1E9F00052326 /* MusicPlayView.swift */; };
/* End PBXBuildFile section */

/* Begin PBXFileReference section */
		4663640C2CD7D139007A70C5 /* Untitled 2.swift */ = {isa = PBXFileReference; lastKnownFileType = sourcecode.swift; path = "Untitled 2.swift"; sourceTree = "<group>"; };
		DF0DA25A2CD36605002DB9D6 /* DocumentPicker.swift */ = {isa = PBXFileReference; lastKnownFileType = sourcecode.swift; path = DocumentPicker.swift; sourceTree = "<group>"; };
		DF0DA25E2CD369A0002DB9D6 /* MusicModel.swift */ = {isa = PBXFileReference; lastKnownFileType = sourcecode.swift; path = MusicModel.swift; sourceTree = "<group>"; };
		DF265D462CCA1ABF00333964 /* Music.app */ = {isa = PBXFileReference; explicitFileType = wrapper.application; includeInIndex = 0; path = Music.app; sourceTree = BUILT_PRODUCTS_DIR; };
		DF265D492CCA1ABF00333964 /* MusicApp.swift */ = {isa = PBXFileReference; lastKnownFileType = sourcecode.swift; path = MusicApp.swift; sourceTree = "<group>"; };
		DF265D4B2CCA1ABF00333964 /* WelcomPage.swift */ = {isa = PBXFileReference; lastKnownFileType = sourcecode.swift; path = WelcomPage.swift; sourceTree = "<group>"; };
		DF265D4D2CCA1AC000333964 /* Assets.xcassets */ = {isa = PBXFileReference; lastKnownFileType = folder.assetcatalog; path = Assets.xcassets; sourceTree = "<group>"; };
		DF265D502CCA1AC000333964 /* Preview Assets.xcassets */ = {isa = PBXFileReference; lastKnownFileType = folder.assetcatalog; path = "Preview Assets.xcassets"; sourceTree = "<group>"; };
		DF84239D2CD9D5C800D5C555 /* Music.swift */ = {isa = PBXFileReference; lastKnownFileType = sourcecode.swift; path = Music.swift; sourceTree = "<group>"; };
		DF84239F2CD9DAB500D5C555 /* maininfo.plist */ = {isa = PBXFileReference; lastKnownFileType = text.plist.xml; path = maininfo.plist; sourceTree = "<group>"; };
		DF8423A32CDA034400D5C555 /* AudioPlayerViewModel.swift */ = {isa = PBXFileReference; lastKnownFileType = sourcecode.swift; path = AudioPlayerViewModel.swift; sourceTree = "<group>"; };
		DF8423A72CDB384C00D5C555 /* MusicDTO.swift */ = {isa = PBXFileReference; lastKnownFileType = sourcecode.swift; path = MusicDTO.swift; sourceTree = "<group>"; };
		DFC5AAF32CCA1E8D00052326 /* MusicSelectView.swift */ = {isa = PBXFileReference; lastKnownFileType = sourcecode.swift; path = MusicSelectView.swift; sourceTree = "<group>"; };
		DFC5AAF52CCA1E9F00052326 /* MusicPlayView.swift */ = {isa = PBXFileReference; lastKnownFileType = sourcecode.swift; path = MusicPlayView.swift; sourceTree = "<group>"; };
/* End PBXFileReference section */

/* Begin PBXFrameworksBuildPhase section */
		DF265D432CCA1ABF00333964 /* Frameworks */ = {
			isa = PBXFrameworksBuildPhase;
			buildActionMask = 2147483647;
			files = (
			);
			runOnlyForDeploymentPostprocessing = 0;
		};
/* End PBXFrameworksBuildPhase section */

/* Begin PBXGroup section */
		DF0DA2592CD365FA002DB9D6 /* Views */ = {
			isa = PBXGroup;
			children = (
				DF0DA25A2CD36605002DB9D6 /* DocumentPicker.swift */,
			);
			path = Views;
			sourceTree = "<group>";
		};
		DF0DA25D2CD3699A002DB9D6 /* Model */ = {
			isa = PBXGroup;
			children = (
				DF0DA25E2CD369A0002DB9D6 /* MusicModel.swift */,
				DF84239D2CD9D5C800D5C555 /* Music.swift */,
				DF8423A32CDA034400D5C555 /* AudioPlayerViewModel.swift */,
				DF8423A72CDB384C00D5C555 /* MusicDTO.swift */,
			);
			path = Model;
			sourceTree = "<group>";
		};
		DF265D3D2CCA1ABF00333964 = {
			isa = PBXGroup;
			children = (
				DF265D482CCA1ABF00333964 /* Music */,
				DF265D472CCA1ABF00333964 /* Products */,
			);
			sourceTree = "<group>";
		};
		DF265D472CCA1ABF00333964 /* Products */ = {
			isa = PBXGroup;
			children = (
				DF265D462CCA1ABF00333964 /* Music.app */,
			);
			name = Products;
			sourceTree = "<group>";
		};
		DF265D482CCA1ABF00333964 /* Music */ = {
			isa = PBXGroup;
			children = (
				DF84239F2CD9DAB500D5C555 /* maininfo.plist */,
				4663640C2CD7D139007A70C5 /* Untitled 2.swift */,
				DF0DA25D2CD3699A002DB9D6 /* Model */,
				DF0DA2592CD365FA002DB9D6 /* Views */,
				DF265D492CCA1ABF00333964 /* MusicApp.swift */,
				DF265D4B2CCA1ABF00333964 /* WelcomPage.swift */,
				DFC5AAF32CCA1E8D00052326 /* MusicSelectView.swift */,
				DFC5AAF52CCA1E9F00052326 /* MusicPlayView.swift */,
				DF265D4D2CCA1AC000333964 /* Assets.xcassets */,
				DF265D4F2CCA1AC000333964 /* Preview Content */,
			);
			path = Music;
			sourceTree = "<group>";
		};
		DF265D4F2CCA1AC000333964 /* Preview Content */ = {
			isa = PBXGroup;
			children = (
				DF265D502CCA1AC000333964 /* Preview Assets.xcassets */,
			);
			path = "Preview Content";
			sourceTree = "<group>";
		};
/* End PBXGroup section */

/* Begin PBXNativeTarget section */
		DF265D452CCA1ABF00333964 /* Music */ = {
			isa = PBXNativeTarget;
			buildConfigurationList = DF265D542CCA1AC000333964 /* Build configuration list for PBXNativeTarget "Music" */;
			buildPhases = (
				DF265D422CCA1ABF00333964 /* Sources */,
				DF265D432CCA1ABF00333964 /* Frameworks */,
				DF265D442CCA1ABF00333964 /* Resources */,
			);
			buildRules = (
			);
			dependencies = (
			);
			name = Music;
			productName = Music;
			productReference = DF265D462CCA1ABF00333964 /* Music.app */;
			productType = "com.apple.product-type.application";
		};
/* End PBXNativeTarget section */

/* Begin PBXProject section */
		DF265D3E2CCA1ABF00333964 /* Project object */ = {
			isa = PBXProject;
			attributes = {
				BuildIndependentTargetsInParallel = 1;
				LastSwiftUpdateCheck = 1530;
				LastUpgradeCheck = 1530;
				TargetAttributes = {
					DF265D452CCA1ABF00333964 = {
						CreatedOnToolsVersion = 15.3;
					};
				};
			};
			buildConfigurationList = DF265D412CCA1ABF00333964 /* Build configuration list for PBXProject "Music" */;
			compatibilityVersion = "Xcode 14.0";
			developmentRegion = en;
			hasScannedForEncodings = 0;
			knownRegions = (
				en,
				Base,
			);
			mainGroup = DF265D3D2CCA1ABF00333964;
			productRefGroup = DF265D472CCA1ABF00333964 /* Products */;
			projectDirPath = "";
			projectRoot = "";
			targets = (
				DF265D452CCA1ABF00333964 /* Music */,
			);
		};
/* End PBXProject section */

/* Begin PBXResourcesBuildPhase section */
		DF265D442CCA1ABF00333964 /* Resources */ = {
			isa = PBXResourcesBuildPhase;
			buildActionMask = 2147483647;
			files = (
				DF265D512CCA1AC000333964 /* Preview Assets.xcassets in Resources */,
				DF265D4E2CCA1AC000333964 /* Assets.xcassets in Resources */,
				DF8423A02CD9DAB500D5C555 /* maininfo.plist in Resources */,
			);
			runOnlyForDeploymentPostprocessing = 0;
		};
/* End PBXResourcesBuildPhase section */

/* Begin PBXSourcesBuildPhase section */
		DF265D422CCA1ABF00333964 /* Sources */ = {
			isa = PBXSourcesBuildPhase;
			buildActionMask = 2147483647;
			files = (
				DFC5AAF62CCA1E9F00052326 /* MusicPlayView.swift in Sources */,
				4663640D2CD7D13A007A70C5 /* Untitled 2.swift in Sources */,
				DF265D4C2CCA1ABF00333964 /* WelcomPage.swift in Sources */,
				DF8423A82CDB384C00D5C555 /* MusicDTO.swift in Sources */,
				DFC5AAF42CCA1E8D00052326 /* MusicSelectView.swift in Sources */,
				DF0DA25B2CD36605002DB9D6 /* DocumentPicker.swift in Sources */,
				DF84239E2CD9D5C800D5C555 /* Music.swift in Sources */,
				DF265D4A2CCA1ABF00333964 /* MusicApp.swift in Sources */,
				DF0DA25F2CD369A0002DB9D6 /* MusicModel.swift in Sources */,
				DF8423A42CDA034400D5C555 /* AudioPlayerViewModel.swift in Sources */,
			);
			runOnlyForDeploymentPostprocessing = 0;
		};
/* End PBXSourcesBuildPhase section */

/* Begin XCBuildConfiguration section */
		DF265D522CCA1AC000333964 /* Debug */ = {
			isa = XCBuildConfiguration;
			buildSettings = {
				ALWAYS_SEARCH_USER_PATHS = NO;
				ASSETCATALOG_COMPILER_GENERATE_SWIFT_ASSET_SYMBOL_EXTENSIONS = YES;
				CLANG_ANALYZER_NONNULL = YES;
				CLANG_ANALYZER_NUMBER_OBJECT_CONVERSION = YES_AGGRESSIVE;
				CLANG_CXX_LANGUAGE_STANDARD = "gnu++20";
				CLANG_ENABLE_MODULES = YES;
				CLANG_ENABLE_OBJC_ARC = YES;
				CLANG_ENABLE_OBJC_WEAK = YES;
				CLANG_WARN_BLOCK_CAPTURE_AUTORELEASING = YES;
				CLANG_WARN_BOOL_CONVERSION = YES;
				CLANG_WARN_COMMA = YES;
				CLANG_WARN_CONSTANT_CONVERSION = YES;
				CLANG_WARN_DEPRECATED_OBJC_IMPLEMENTATIONS = YES;
				CLANG_WARN_DIRECT_OBJC_ISA_USAGE = YES_ERROR;
				CLANG_WARN_DOCUMENTATION_COMMENTS = YES;
				CLANG_WARN_EMPTY_BODY = YES;
				CLANG_WARN_ENUM_CONVERSION = YES;
				CLANG_WARN_INFINITE_RECURSION = YES;
				CLANG_WARN_INT_CONVERSION = YES;
				CLANG_WARN_NON_LITERAL_NULL_CONVERSION = YES;
				CLANG_WARN_OBJC_IMPLICIT_RETAIN_SELF = YES;
				CLANG_WARN_OBJC_LITERAL_CONVERSION = YES;
				CLANG_WARN_OBJC_ROOT_CLASS = YES_ERROR;
				CLANG_WARN_QUOTED_INCLUDE_IN_FRAMEWORK_HEADER = YES;
				CLANG_WARN_RANGE_LOOP_ANALYSIS = YES;
				CLANG_WARN_STRICT_PROTOTYPES = YES;
				CLANG_WARN_SUSPICIOUS_MOVE = YES;
				CLANG_WARN_UNGUARDED_AVAILABILITY = YES_AGGRESSIVE;
				CLANG_WARN_UNREACHABLE_CODE = YES;
				CLANG_WARN__DUPLICATE_METHOD_MATCH = YES;
				COPY_PHASE_STRIP = NO;
				DEBUG_INFORMATION_FORMAT = dwarf;
				ENABLE_STRICT_OBJC_MSGSEND = YES;
				ENABLE_TESTABILITY = YES;
				ENABLE_USER_SCRIPT_SANDBOXING = YES;
				GCC_C_LANGUAGE_STANDARD = gnu17;
				GCC_DYNAMIC_NO_PIC = NO;
				GCC_NO_COMMON_BLOCKS = YES;
				GCC_OPTIMIZATION_LEVEL = 0;
				GCC_PREPROCESSOR_DEFINITIONS = (
					"DEBUG=1",
					"$(inherited)",
				);
				GCC_WARN_64_TO_32_BIT_CONVERSION = YES;
				GCC_WARN_ABOUT_RETURN_TYPE = YES_ERROR;
				GCC_WARN_UNDECLARED_SELECTOR = YES;
				GCC_WARN_UNINITIALIZED_AUTOS = YES_AGGRESSIVE;
				GCC_WARN_UNUSED_FUNCTION = YES;
				GCC_WARN_UNUSED_VARIABLE = YES;
				IPHONEOS_DEPLOYMENT_TARGET = 17.4;
				LOCALIZATION_PREFERS_STRING_CATALOGS = YES;
				MTL_ENABLE_DEBUG_INFO = INCLUDE_SOURCE;
				MTL_FAST_MATH = YES;
				ONLY_ACTIVE_ARCH = YES;
				SDKROOT = iphoneos;
				SWIFT_ACTIVE_COMPILATION_CONDITIONS = "DEBUG $(inherited)";
				SWIFT_OPTIMIZATION_LEVEL = "-Onone";
			};
			name = Debug;
		};
		DF265D532CCA1AC000333964 /* Release */ = {
			isa = XCBuildConfiguration;
			buildSettings = {
				ALWAYS_SEARCH_USER_PATHS = NO;
				ASSETCATALOG_COMPILER_GENERATE_SWIFT_ASSET_SYMBOL_EXTENSIONS = YES;
				CLANG_ANALYZER_NONNULL = YES;
				CLANG_ANALYZER_NUMBER_OBJECT_CONVERSION = YES_AGGRESSIVE;
				CLANG_CXX_LANGUAGE_STANDARD = "gnu++20";
				CLANG_ENABLE_MODULES = YES;
				CLANG_ENABLE_OBJC_ARC = YES;
				CLANG_ENABLE_OBJC_WEAK = YES;
				CLANG_WARN_BLOCK_CAPTURE_AUTORELEASING = YES;
				CLANG_WARN_BOOL_CONVERSION = YES;
				CLANG_WARN_COMMA = YES;
				CLANG_WARN_CONSTANT_CONVERSION = YES;
				CLANG_WARN_DEPRECATED_OBJC_IMPLEMENTATIONS = YES;
				CLANG_WARN_DIRECT_OBJC_ISA_USAGE = YES_ERROR;
				CLANG_WARN_DOCUMENTATION_COMMENTS = YES;
				CLANG_WARN_EMPTY_BODY = YES;
				CLANG_WARN_ENUM_CONVERSION = YES;
				CLANG_WARN_INFINITE_RECURSION = YES;
				CLANG_WARN_INT_CONVERSION = YES;
				CLANG_WARN_NON_LITERAL_NULL_CONVERSION = YES;
				CLANG_WARN_OBJC_IMPLICIT_RETAIN_SELF = YES;
				CLANG_WARN_OBJC_LITERAL_CONVERSION = YES;
				CLANG_WARN_OBJC_ROOT_CLASS = YES_ERROR;
				CLANG_WARN_QUOTED_INCLUDE_IN_FRAMEWORK_HEADER = YES;
				CLANG_WARN_RANGE_LOOP_ANALYSIS = YES;
				CLANG_WARN_STRICT_PROTOTYPES = YES;
				CLANG_WARN_SUSPICIOUS_MOVE = YES;
				CLANG_WARN_UNGUARDED_AVAILABILITY = YES_AGGRESSIVE;
				CLANG_WARN_UNREACHABLE_CODE = YES;
				CLANG_WARN__DUPLICATE_METHOD_MATCH = YES;
				COPY_PHASE_STRIP = NO;
				DEBUG_INFORMATION_FORMAT = "dwarf-with-dsym";
				ENABLE_NS_ASSERTIONS = NO;
				ENABLE_STRICT_OBJC_MSGSEND = YES;
				ENABLE_USER_SCRIPT_SANDBOXING = YES;
				GCC_C_LANGUAGE_STANDARD = gnu17;
				GCC_NO_COMMON_BLOCKS = YES;
				GCC_WARN_64_TO_32_BIT_CONVERSION = YES;
				GCC_WARN_ABOUT_RETURN_TYPE = YES_ERROR;
				GCC_WARN_UNDECLARED_SELECTOR = YES;
				GCC_WARN_UNINITIALIZED_AUTOS = YES_AGGRESSIVE;
				GCC_WARN_UNUSED_FUNCTION = YES;
				GCC_WARN_UNUSED_VARIABLE = YES;
				IPHONEOS_DEPLOYMENT_TARGET = 17.4;
				LOCALIZATION_PREFERS_STRING_CATALOGS = YES;
				MTL_ENABLE_DEBUG_INFO = NO;
				MTL_FAST_MATH = YES;
				SDKROOT = iphoneos;
				SWIFT_COMPILATION_MODE = wholemodule;
				VALIDATE_PRODUCT = YES;
			};
			name = Release;
		};
		DF265D552CCA1AC000333964 /* Debug */ = {
			isa = XCBuildConfiguration;
			buildSettings = {
				ASSETCATALOG_COMPILER_APPICON_NAME = AppIcon;
				ASSETCATALOG_COMPILER_GLOBAL_ACCENT_COLOR_NAME = AccentColor;
				CODE_SIGN_STYLE = Automatic;
				CURRENT_PROJECT_VERSION = 1;
				DEVELOPMENT_ASSET_PATHS = "\"Music/Preview Content\"";
				DEVELOPMENT_TEAM = DF85MB57QP;
				ENABLE_PREVIEWS = YES;
				GENERATE_INFOPLIST_FILE = YES;
				INFOPLIST_KEY_UIApplicationSceneManifest_Generation = YES;
				INFOPLIST_KEY_UIApplicationSupportsIndirectInputEvents = YES;
				INFOPLIST_KEY_UILaunchScreen_Generation = YES;
				INFOPLIST_KEY_UISupportedInterfaceOrientations_iPad = "UIInterfaceOrientationPortrait UIInterfaceOrientationPortraitUpsideDown UIInterfaceOrientationLandscapeLeft UIInterfaceOrientationLandscapeRight";
				INFOPLIST_KEY_UISupportedInterfaceOrientations_iPhone = "UIInterfaceOrientationPortrait UIInterfaceOrientationLandscapeLeft UIInterfaceOrientationLandscapeRight";
				IPHONEOS_DEPLOYMENT_TARGET = 17.0;
				LD_RUNPATH_SEARCH_PATHS = (
					"$(inherited)",
					"@executable_path/Frameworks",
				);
				MARKETING_VERSION = 1.0;
				PRODUCT_BUNDLE_IDENTIFIER = practice.Music;
				PRODUCT_NAME = "$(TARGET_NAME)";
				SWIFT_EMIT_LOC_STRINGS = YES;
				SWIFT_VERSION = 5.0;
				TARGETED_DEVICE_FAMILY = "1,2";
			};
			name = Debug;
		};
		DF265D562CCA1AC000333964 /* Release */ = {
			isa = XCBuildConfiguration;
			buildSettings = {
				ASSETCATALOG_COMPILER_APPICON_NAME = AppIcon;
				ASSETCATALOG_COMPILER_GLOBAL_ACCENT_COLOR_NAME = AccentColor;
				CODE_SIGN_STYLE = Automatic;
				CURRENT_PROJECT_VERSION = 1;
				DEVELOPMENT_ASSET_PATHS = "\"Music/Preview Content\"";
				DEVELOPMENT_TEAM = DF85MB57QP;
				ENABLE_PREVIEWS = YES;
				GENERATE_INFOPLIST_FILE = YES;
				INFOPLIST_KEY_UIApplicationSceneManifest_Generation = YES;
				INFOPLIST_KEY_UIApplicationSupportsIndirectInputEvents = YES;
				INFOPLIST_KEY_UILaunchScreen_Generation = YES;
				INFOPLIST_KEY_UISupportedInterfaceOrientations_iPad = "UIInterfaceOrientationPortrait UIInterfaceOrientationPortraitUpsideDown UIInterfaceOrientationLandscapeLeft UIInterfaceOrientationLandscapeRight";
				INFOPLIST_KEY_UISupportedInterfaceOrientations_iPhone = "UIInterfaceOrientationPortrait UIInterfaceOrientationLandscapeLeft UIInterfaceOrientationLandscapeRight";
				IPHONEOS_DEPLOYMENT_TARGET = 17.0;
				LD_RUNPATH_SEARCH_PATHS = (
					"$(inherited)",
					"@executable_path/Frameworks",
				);
				MARKETING_VERSION = 1.0;
				PRODUCT_BUNDLE_IDENTIFIER = practice.Music;
				PRODUCT_NAME = "$(TARGET_NAME)";
				SWIFT_EMIT_LOC_STRINGS = YES;
				SWIFT_VERSION = 5.0;
				TARGETED_DEVICE_FAMILY = "1,2";
			};
			name = Release;
		};
/* End XCBuildConfiguration section */

/* Begin XCConfigurationList section */
		DF265D412CCA1ABF00333964 /* Build configuration list for PBXProject "Music" */ = {
			isa = XCConfigurationList;
			buildConfigurations = (
				DF265D522CCA1AC000333964 /* Debug */,
				DF265D532CCA1AC000333964 /* Release */,
			);
			defaultConfigurationIsVisible = 0;
			defaultConfigurationName = Release;
		};
		DF265D542CCA1AC000333964 /* Build configuration list for PBXNativeTarget "Music" */ = {
			isa = XCConfigurationList;
			buildConfigurations = (
				DF265D552CCA1AC000333964 /* Debug */,
				DF265D562CCA1AC000333964 /* Release */,
			);
			defaultConfigurationIsVisible = 0;
			defaultConfigurationName = Release;
		};
/* End XCConfigurationList section */
	};
	rootObject = DF265D3E2CCA1ABF00333964 /* Project object */;
}
